
Microsoft Visual Studio Solution File, Format Version 12.00
# Visual Studio Version 17
VisualStudioVersion = 17.4.33122.133
MinimumVisualStudioVersion = 10.0.40219.1
Project("{FAE04EC0-301F-11D3-BF4B-00C04F79EFBC}") = "elevatorFront", "elevatorFront\elevatorFront.csproj", "{3F756E41-544C-448A-92B3-0DF3ECD1DCC9}"
EndProject
Global
	GlobalSection(SolutionConfigurationPlatforms) = preSolution
		Debug|Any CPU = Debug|Any CPU
		Release|Any CPU = Release|Any CPU
	EndGlobalSection
	GlobalSection(ProjectConfigurationPlatforms) = postSolution
		{3F756E41-544C-448A-92B3-0DF3ECD1DCC9}.Debug|Any CPU.ActiveCfg = Debug|Any CPU
		{3F756E41-544C-448A-92B3-0DF3ECD1DCC9}.Debug|Any CPU.Build.0 = Debug|Any CPU
		{3F756E41-544C-448A-92B3-0DF3ECD1DCC9}.Release|Any CPU.ActiveCfg = Release|Any CPU
		{3F756E41-544C-448A-92B3-0DF3ECD1DCC9}.Release|Any CPU.Build.0 = Release|Any CPU
	EndGlobalSection
	GlobalSection(SolutionProperties) = preSolution
		HideSolutionNode = FALSE
	EndGlobalSection
	GlobalSection(ExtensibilityGlobals) = postSolution
		SolutionGuid = {677A70E2-5A4F-412A-AE26-B2FE30F15AD5}
	EndGlobalSection
EndGlobal
